# THIS IS AN AUTOGENERATED FILE. DO NOT EDIT THIS FILE DIRECTLY.
# yarn lockfile v1


core-util-is@~1.0.0:
  version "1.0.3"
  resolved "https://registry.yarnpkg.com/core-util-is/-/core-util-is-1.0.3.tgz#a6042d3634c2b27e9328f837b965fac83808db85"
  integrity sha512-ZQBvi1DcpJ4GDqanjucZ2Hj3wEO5pZDS89BWbkcrvdxksJorwUDDZamX9ldFkp9aw2lmBDLgkObEA4DWNJ9FYQ==

deepmerge@3.2.0:
  version "3.2.0"
  resolved "https://registry.yarnpkg.com/deepmerge/-/deepmerge-3.2.0.tgz#58ef463a57c08d376547f8869fdc5bcee957f44e"
  integrity sha512-6+LuZGU7QCNUnAJyX8cIrlzoEgggTM6B7mm+znKOX4t5ltluT9KLjN6g61ECMS0LTsLW7yDpNoxhix5FZcrIow==

excel4node@^1.7.2:
  version "1.7.2"
  resolved "https://registry.yarnpkg.com/excel4node/-/excel4node-1.7.2.tgz#1956a3fabb51c7b163388e44bd1384a7f228cb8f"
  integrity sha512-3XSsPSSbUeGloTRQMTmgf4aA1WDGa9fWQitOCGN/URG8NvwPjgVdbyG7FWKukqTdl5XBz9jv0vVBz3BBIo52tg==
  dependencies:
    deepmerge "3.2.0"
    image-size "0.7.2"
    jszip "3.2.1"
    lodash.get "4.4.2"
    lodash.isequal "4.5.0"
    lodash.isundefined "3.0.1"
    lodash.reduce "4.6.0"
    lodash.uniqueid "4.0.1"
    mime "2.4.0"
    uuid "3.3.2"
    xmlbuilder "11.0.1"

image-size@0.7.2:
  version "0.7.2"
  resolved "https://registry.yarnpkg.com/image-size/-/image-size-0.7.2.tgz#5014c2c43003020d265801867b8bcf97c4080cf1"
  integrity sha512-CBmVIFHyDyiWi1U24eNHl8SH0Iir2IgmEv1RwdRVZxWsEbSCvV5b/eXaYP8epOFv2dbw5uNBOrn1Nc5P5KvsUA==

immediate@~3.0.5:
  version "3.0.6"
  resolved "https://registry.yarnpkg.com/immediate/-/immediate-3.0.6.tgz#9db1dbd0faf8de6fbe0f5dd5e56bb606280de69b"
  integrity sha1-nbHb0Pr43m++D13V5Wu2BigN5ps=

inherits@~2.0.3:
  version "2.0.4"
  resolved "https://registry.yarnpkg.com/inherits/-/inherits-2.0.4.tgz#0fa2c64f932917c3433a0ded55363aae37416b7c"
  integrity sha512-k/vGaX4/Yla3WzyMCvTQOXYeIHvqOKtnqBduzTHpzpQZzAskKMhZ2K+EnBiSM9zGSoIFeMpXKxa4dYeZIQqewQ==

isarray@~1.0.0:
  version "1.0.0"
  resolved "https://registry.yarnpkg.com/isarray/-/isarray-1.0.0.tgz#bb935d48582cba168c06834957a54a3e07124f11"
  integrity sha1-u5NdSFgsuhaMBoNJV6VKPgcSTxE=

jszip@3.2.1:
  version "3.2.1"
  resolved "https://registry.yarnpkg.com/jszip/-/jszip-3.2.1.tgz#c5d32df7274042282b157efb16e522b43435e01a"
  integrity sha512-iCMBbo4eE5rb1VCpm5qXOAaUiRKRUKiItn8ah2YQQx9qymmSAY98eyQfioChEYcVQLh0zxJ3wS4A0mh90AVPvw==
  dependencies:
    lie "~3.3.0"
    pako "~1.0.2"
    readable-stream "~2.3.6"
    set-immediate-shim "~1.0.1"

lie@~3.3.0:
  version "3.3.0"
  resolved "https://registry.yarnpkg.com/lie/-/lie-3.3.0.tgz#dcf82dee545f46074daf200c7c1c5a08e0f40f6a"
  integrity sha512-UaiMJzeWRlEujzAuw5LokY1L5ecNQYZKfmyZ9L7wDHb/p5etKaxXhohBcrw0EYby+G/NA52vRSN4N39dxHAIwQ==
  dependencies:
    immediate "~3.0.5"

lodash.get@4.4.2:
  version "4.4.2"
  resolved "https://registry.yarnpkg.com/lodash.get/-/lodash.get-4.4.2.tgz#2d177f652fa31e939b4438d5341499dfa3825e99"
  integrity sha1-LRd/ZS+jHpObRDjVNBSZ36OCXpk=

lodash.isequal@4.5.0:
  version "4.5.0"
  resolved "https://registry.yarnpkg.com/lodash.isequal/-/lodash.isequal-4.5.0.tgz#415c4478f2bcc30120c22ce10ed3226f7d3e18e0"
  integrity sha1-QVxEePK8wwEgwizhDtMib30+GOA=

lodash.isundefined@3.0.1:
  version "3.0.1"
  resolved "https://registry.yarnpkg.com/lodash.isundefined/-/lodash.isundefined-3.0.1.tgz#23ef3d9535565203a66cefd5b830f848911afb48"
  integrity sha1-I+89lTVWUgOmbO/VuDD4SJEa+0g=

lodash.reduce@4.6.0:
  version "4.6.0"
  resolved "https://registry.yarnpkg.com/lodash.reduce/-/lodash.reduce-4.6.0.tgz#f1ab6b839299ad48f784abbf476596f03b914d3b"
  integrity sha1-8atrg5KZrUj3hKu/R2WW8DuRTTs=

lodash.uniqueid@4.0.1:
  version "4.0.1"
  resolved "https://registry.yarnpkg.com/lodash.uniqueid/-/lodash.uniqueid-4.0.1.tgz#3268f26a7c88e4f4b1758d679271814e31fa5b26"
  integrity sha1-MmjyanyI5PSxdY1nknGBTjH6WyY=

mime@2.4.0:
  version "2.4.0"
  resolved "https://registry.yarnpkg.com/mime/-/mime-2.4.0.tgz#e051fd881358585f3279df333fe694da0bcffdd6"
  integrity sha512-ikBcWwyqXQSHKtciCcctu9YfPbFYZ4+gbHEmE0Q8jzcTYQg5dHCr3g2wwAZjPoJfQVXZq6KXAjpXOTf5/cjT7w==

pako@~1.0.2:
  version "1.0.11"
  resolved "https://registry.yarnpkg.com/pako/-/pako-1.0.11.tgz#6c9599d340d54dfd3946380252a35705a6b992bf"
  integrity sha512-4hLB8Py4zZce5s4yd9XzopqwVv/yGNhV1Bl8NTmCq1763HeK2+EwVTv+leGeL13Dnh2wfbqowVPXCIO0z4taYw==

process-nextick-args@~2.0.0:
  version "2.0.1"
  resolved "https://registry.yarnpkg.com/process-nextick-args/-/process-nextick-args-2.0.1.tgz#7820d9b16120cc55ca9ae7792680ae7dba6d7fe2"
  integrity sha512-3ouUOpQhtgrbOa17J7+uxOTpITYWaGP7/AhoR3+A+/1e9skrzelGi/dXzEYyvbxubEF6Wn2ypscTKiKJFFn1ag==

readable-stream@~2.3.6:
  version "2.3.7"
  resolved "https://registry.yarnpkg.com/readable-stream/-/readable-stream-2.3.7.tgz#1eca1cf711aef814c04f62252a36a62f6cb23b57"
  integrity sha512-Ebho8K4jIbHAxnuxi7o42OrZgF/ZTNcsZj6nRKyUmkhLFq8CHItp/fy6hQZuZmP/n3yZ9VBUbp4zz/mX8hmYPw==
  dependencies:
    core-util-is "~1.0.0"
    inherits "~2.0.3"
    isarray "~1.0.0"
    process-nextick-args "~2.0.0"
    safe-buffer "~5.1.1"
    string_decoder "~1.1.1"
    util-deprecate "~1.0.1"

safe-buffer@~5.1.0, safe-buffer@~5.1.1:
  version "5.1.2"
  resolved "https://registry.yarnpkg.com/safe-buffer/-/safe-buffer-5.1.2.tgz#991ec69d296e0313747d59bdfd2b745c35f8828d"
  integrity sha512-Gd2UZBJDkXlY7GbJxfsE8/nvKkUEU1G38c1siN6QP6a9PT9MmHB8GnpscSmMJSoF8LOIrt8ud/wPtojys4G6+g==

set-immediate-shim@~1.0.1:
  version "1.0.1"
  resolved "https://registry.yarnpkg.com/set-immediate-shim/-/set-immediate-shim-1.0.1.tgz#4b2b1b27eb808a9f8dcc481a58e5e56f599f3f61"
  integrity sha1-SysbJ+uAip+NzEgaWOXlb1mfP2E=

string_decoder@~1.1.1:
  version "1.1.1"
  resolved "https://registry.yarnpkg.com/string_decoder/-/string_decoder-1.1.1.tgz#9cf1611ba62685d7030ae9e4ba34149c3af03fc8"
  integrity sha512-n/ShnvDi6FHbbVfviro+WojiFzv+s8MPMHBczVePfUpDJLwoLT0ht1l4YwBCbi8pJAveEEdnkHyPyTP/mzRfwg==
  dependencies:
    safe-buffer "~5.1.0"

util-deprecate@~1.0.1:
  version "1.0.2"
  resolved "https://registry.yarnpkg.com/util-deprecate/-/util-deprecate-1.0.2.tgz#450d4dc9fa70de732762fbd2d4a28981419a0ccf"
  integrity sha1-RQ1Nyfpw3nMnYvvS1KKJgUGaDM8=

uuid@3.3.2:
  version "3.3.2"
  resolved "https://registry.yarnpkg.com/uuid/-/uuid-3.3.2.tgz#1b4af4955eb3077c501c23872fc6513811587131"
  integrity sha512-yXJmeNaw3DnnKAOKJE51sL/ZaYfWJRl1pK9dr19YFCu0ObS231AB1/LbqTKRAQ5kw8A90rA6fr4riOUpTZvQZA==

xmlbuilder@11.0.1:
  version "11.0.1"
  resolved "https://registry.yarnpkg.com/xmlbuilder/-/xmlbuilder-11.0.1.tgz#be9bae1c8a046e76b31127726347d0ad7002beb3"
  integrity sha512-fDlsI/kFEx7gLvbecc0/ohLG50fugQp8ryHzMTuW9vSa1GJ0XYWKnhsUx7oie3G98+r56aTQIUB4kht42R3JvA==
